
Microsoft Visual Studio Solution File, Format Version 12.00
# Visual Studio Version 17
VisualStudioVersion = 17.0.32112.339
MinimumVisualStudioVersion = 10.0.40219.1
Project("{FAE04EC0-301F-11D3-BF4B-00C04F79EFBC}") = "AssesorsPractice", "AssesorsPractice\AssesorsPractice.csproj", "{C94E5A91-6757-4C9B-AE20-C78E47482E62}"
EndProject
Global
	GlobalSection(SolutionConfigurationPlatforms) = preSolution
		Debug|Any CPU = Debug|Any CPU
		Release|Any CPU = Release|Any CPU
	EndGlobalSection
	GlobalSection(ProjectConfigurationPlatforms) = postSolution
		{C94E5A91-6757-4C9B-AE20-C78E47482E62}.Debug|Any CPU.ActiveCfg = Debug|Any CPU
		{C94E5A91-6757-4C9B-AE20-C78E47482E62}.Debug|Any CPU.Build.0 = Debug|Any CPU
		{C94E5A91-6757-4C9B-AE20-C78E47482E62}.Release|Any CPU.ActiveCfg = Release|Any CPU
		{C94E5A91-6757-4C9B-AE20-C78E47482E62}.Release|Any CPU.Build.0 = Release|Any CPU
	EndGlobalSection
	GlobalSection(SolutionProperties) = preSolution
		HideSolutionNode = FALSE
	EndGlobalSection
	GlobalSection(ExtensibilityGlobals) = postSolution
		SolutionGuid = {9BCA26B3-28F7-43B0-B8A9-48597CF7A69C}
	EndGlobalSection
EndGlobal
