
Microsoft Visual Studio Solution File, Format Version 12.00
# Visual Studio Version 17
VisualStudioVersion = 17.0.32112.339
MinimumVisualStudioVersion = 10.0.40219.1
Project("{FAE04EC0-301F-11D3-BF4B-00C04F79EFBC}") = "AnotherProgram", "AnotherProgram\AnotherProgram.csproj", "{3EE41607-4FA1-4DD0-83D9-A75D995AA6AB}"
EndProject
Global
	GlobalSection(SolutionConfigurationPlatforms) = preSolution
		Debug|Any CPU = Debug|Any CPU
		Release|Any CPU = Release|Any CPU
	EndGlobalSection
	GlobalSection(ProjectConfigurationPlatforms) = postSolution
		{3EE41607-4FA1-4DD0-83D9-A75D995AA6AB}.Debug|Any CPU.ActiveCfg = Debug|Any CPU
		{3EE41607-4FA1-4DD0-83D9-A75D995AA6AB}.Debug|Any CPU.Build.0 = Debug|Any CPU
		{3EE41607-4FA1-4DD0-83D9-A75D995AA6AB}.Release|Any CPU.ActiveCfg = Release|Any CPU
		{3EE41607-4FA1-4DD0-83D9-A75D995AA6AB}.Release|Any CPU.Build.0 = Release|Any CPU
	EndGlobalSection
	GlobalSection(SolutionProperties) = preSolution
		HideSolutionNode = FALSE
	EndGlobalSection
	GlobalSection(ExtensibilityGlobals) = postSolution
		SolutionGuid = {C9BE3431-3D98-4D29-89DD-1D760E15FBD9}
	EndGlobalSection
EndGlobal
