
Microsoft Visual Studio Solution File, Format Version 12.00
# Visual Studio Version 17
VisualStudioVersion = 17.0.32112.339
MinimumVisualStudioVersion = 10.0.40219.1
Project("{FAE04EC0-301F-11D3-BF4B-00C04F79EFBC}") = "FinalProject", "FinalProject\FinalProject.csproj", "{522A2012-16FD-46F5-8761-DFE825EAC248}"
EndProject
Global
	GlobalSection(SolutionConfigurationPlatforms) = preSolution
		Debug|Any CPU = Debug|Any CPU
		Release|Any CPU = Release|Any CPU
	EndGlobalSection
	GlobalSection(ProjectConfigurationPlatforms) = postSolution
		{522A2012-16FD-46F5-8761-DFE825EAC248}.Debug|Any CPU.ActiveCfg = Debug|Any CPU
		{522A2012-16FD-46F5-8761-DFE825EAC248}.Debug|Any CPU.Build.0 = Debug|Any CPU
		{522A2012-16FD-46F5-8761-DFE825EAC248}.Release|Any CPU.ActiveCfg = Release|Any CPU
		{522A2012-16FD-46F5-8761-DFE825EAC248}.Release|Any CPU.Build.0 = Release|Any CPU
	EndGlobalSection
	GlobalSection(SolutionProperties) = preSolution
		HideSolutionNode = FALSE
	EndGlobalSection
	GlobalSection(ExtensibilityGlobals) = postSolution
		SolutionGuid = {1C2FE0B9-A00B-4499-BAA3-FDA97A7DA036}
	EndGlobalSection
EndGlobal
