
Microsoft Visual Studio Solution File, Format Version 12.00
# Visual Studio Version 17
VisualStudioVersion = 17.0.32112.339
MinimumVisualStudioVersion = 10.0.40219.1
Project("{FAE04EC0-301F-11D3-BF4B-00C04F79EFBC}") = "ProgramProject", "ProgramProject\ProgramProject.csproj", "{0BD1775E-33CA-418C-A7D4-F7619612A78C}"
EndProject
Project("{FAE04EC0-301F-11D3-BF4B-00C04F79EFBC}") = "InterfacesProject", "InterfacesProject\InterfacesProject.csproj", "{F649BF33-E737-416B-9E09-914E0B41609F}"
EndProject
Project("{FAE04EC0-301F-11D3-BF4B-00C04F79EFBC}") = "BlackProject", "BlackProject\BlackProject.csproj", "{334B4798-7FE2-4577-B3AA-B2295562B77E}"
EndProject
Project("{FAE04EC0-301F-11D3-BF4B-00C04F79EFBC}") = "FactoryProject", "FactoryProject\FactoryProject.csproj", "{66910AE4-480C-4F1B-9134-B0399EAC990D}"
EndProject
Global
	GlobalSection(SolutionConfigurationPlatforms) = preSolution
		Debug|Any CPU = Debug|Any CPU
		Release|Any CPU = Release|Any CPU
	EndGlobalSection
	GlobalSection(ProjectConfigurationPlatforms) = postSolution
		{0BD1775E-33CA-418C-A7D4-F7619612A78C}.Debug|Any CPU.ActiveCfg = Debug|Any CPU
		{0BD1775E-33CA-418C-A7D4-F7619612A78C}.Debug|Any CPU.Build.0 = Debug|Any CPU
		{0BD1775E-33CA-418C-A7D4-F7619612A78C}.Release|Any CPU.ActiveCfg = Release|Any CPU
		{0BD1775E-33CA-418C-A7D4-F7619612A78C}.Release|Any CPU.Build.0 = Release|Any CPU
		{F649BF33-E737-416B-9E09-914E0B41609F}.Debug|Any CPU.ActiveCfg = Debug|Any CPU
		{F649BF33-E737-416B-9E09-914E0B41609F}.Debug|Any CPU.Build.0 = Debug|Any CPU
		{F649BF33-E737-416B-9E09-914E0B41609F}.Release|Any CPU.ActiveCfg = Release|Any CPU
		{F649BF33-E737-416B-9E09-914E0B41609F}.Release|Any CPU.Build.0 = Release|Any CPU
		{334B4798-7FE2-4577-B3AA-B2295562B77E}.Debug|Any CPU.ActiveCfg = Debug|Any CPU
		{334B4798-7FE2-4577-B3AA-B2295562B77E}.Debug|Any CPU.Build.0 = Debug|Any CPU
		{334B4798-7FE2-4577-B3AA-B2295562B77E}.Release|Any CPU.ActiveCfg = Release|Any CPU
		{334B4798-7FE2-4577-B3AA-B2295562B77E}.Release|Any CPU.Build.0 = Release|Any CPU
		{66910AE4-480C-4F1B-9134-B0399EAC990D}.Debug|Any CPU.ActiveCfg = Debug|Any CPU
		{66910AE4-480C-4F1B-9134-B0399EAC990D}.Debug|Any CPU.Build.0 = Debug|Any CPU
		{66910AE4-480C-4F1B-9134-B0399EAC990D}.Release|Any CPU.ActiveCfg = Release|Any CPU
		{66910AE4-480C-4F1B-9134-B0399EAC990D}.Release|Any CPU.Build.0 = Release|Any CPU
	EndGlobalSection
	GlobalSection(SolutionProperties) = preSolution
		HideSolutionNode = FALSE
	EndGlobalSection
	GlobalSection(ExtensibilityGlobals) = postSolution
		SolutionGuid = {87DE8188-309C-4341-B866-7DB9B89D477A}
	EndGlobalSection
EndGlobal
